github.com/aws/aws-sdk-go-v2 v1.41.12 h1:DIKX2c31ekm9RA2D9FBj1EWXx++9AdAqRw+e78Tq2Ck=
github.com/aws/aws-sdk-go-v2 v1.41.12/go.mod h1:27+ACypSLljLAEKsCYOmrjKh83vuTRkuAe9Uv/3A4bg=
github.com/aws/aws-sdk-go-v2/aws/protocol/eventstream v1.7.13 h1:p1BBrg/Hhp6uK7zpejeI8QFXHJeC/mynzi04Sl03k9g=
github.com/aws/aws-sdk-go-v2/aws/protocol/eventstream v1.7.13/go.mod h1:8cIfkE9MDhkRZGpQ22aV6/lkYeYSozpz16Smrs5x4Ls=
github.com/aws/aws-sdk-go-v2/config v1.32.23 h1:PYDobtcsJXK6bQe9I8RQk6s19Bz3xa3xRU08Hy1Em3Y=
github.com/aws/aws-sdk-go-v2/config v1.32.23/go.mod h1:QID4dqUQVgEOYPKsPWd1sNWCCR2c5g7o3jeEtIXPOZU=
github.com/aws/aws-sdk-go-v2/credentials v1.19.22 h1:SHfH6wyPsEgG7fVsi5rQxWEt7tuIcN2PGhb1mTFv6tE=
github.com/aws/aws-sdk-go-v2/credentials v1.19.22/go.mod h1:54nO8lKD4aQPOntM/VTWjnR+DYzTwx0YkSMZMhAgewQ=
github.com/aws/aws-sdk-go-v2/feature/ec2/imds v1.18.28 h1:b+kcDejJrXc30zU/w8Tc9klISwaO5wh+6T0sMBdDoHM=
github.com/aws/aws-sdk-go-v2/feature/ec2/imds v1.18.28/go.mod h1:LnI62O9GnSv6GcuLXxOYqlq0C8EmxMcgnF6m7LdYuOY=
github.com/aws/aws-sdk-go-v2/internal/configsources v1.4.28 h1:Xf2j7NdVcUKomlZ4iihOP4AZ3Fzlr8h4yKpXeP+OFPg=
github.com/aws/aws-sdk-go-v2/internal/configsources v1.4.28/go.mod h1:O8cDo1dW63jU7ki//kRe1z+tLGcpnD1jrouitsQddDw=
github.com/aws/aws-sdk-go-v2/internal/endpoints/v2 v2.7.28 h1:KqIfN9kpkKkcBqBbNpNGTIrXO6ExTUvFKvXkC+YAzVo=
github.com/aws/aws-sdk-go-v2/internal/endpoints/v2 v2.7.28/go.mod h1:uxtQiKvLtNS4iXVsH2McVD/ls8FKN/uUhe1hGxPjrw0=
github.com/aws/aws-sdk-go-v2/internal/v4a v1.4.29 h1:VkE9FuzTQVjBBrnj4+oCdxCLFIz7aqLYKUCjtvxVcOs=
github.com/aws/aws-sdk-go-v2/internal/v4a v1.4.29/go.mod h1:H32Z2Qth9b+9LqjyBsCnozMQ8H2N7YBUDVXwbs0iggg=
github.com/aws/aws-sdk-go-v2/service/autoscaling v1.67.3 h1:B0ZEq+Yg/JFTDl+WVG9Zr7+Ttxyl4QuPwaySyD3gVGg=
github.com/aws/aws-sdk-go-v2/service/autoscaling v1.67.3/go.mod h1:bjGQH/LI4beAdFss+eGFbL7RauHJ5/Q8txjEzwKn/Z0=
github.com/aws/aws-sdk-go-v2/service/ec2 v1.305.2 h1:xcHUdx4FNgUZmLuI6vqB5QDsVnWx1MVbPSoaXtLxUB8=
github.com/aws/aws-sdk-go-v2/service/ec2 v1.305.2/go.mod h1:SUtka5kgdr5Wx2BdRrH/IGkCKHW63IVQoyBkP0P1gdo=
github.com/aws/aws-sdk-go-v2/service/elasticloadbalancingv2 v1.55.3 h1:4L++HaxpcF6Hch8tDnYftT607fkKWVuneL4wgCM+Vdk=
github.com/aws/aws-sdk-go-v2/service/elasticloadbalancingv2 v1.55.3/go.mod h1:jDJ3tH8kX7jFEyJew+tB56SJuatSkpA7iPVn9O80rVQ=
github.com/aws/aws-sdk-go-v2/service/iam v1.54.3 h1:ur8hMC1VjTXvvTfE9LEbtmuvfgjOW7mhPHE65Hmk5zc=
github.com/aws/aws-sdk-go-v2/service/iam v1.54.3/go.mod h1:BislBOlmxEfyqv4S86lyEf9yl3FlxlgX8sBHBBqQPOo=
github.com/aws/aws-sdk-go-v2/service/internal/accept-encoding v1.13.12 h1:ZD2+BSw9vFsNlKYIasSNt3uDbjqqXIBcM13UJv/Lx2k=
github.com/aws/aws-sdk-go-v2/service/internal/accept-encoding v1.13.12/go.mod h1:Ms4zlcVBbXbiP7EVLhl+lgjvA/a7YphqQ3Ih3174EmI=
github.com/aws/aws-sdk-go-v2/service/internal/presigned-url v1.13.28 h1:axj4mEDletwKmTm/9jR+DkIMmCfcn5vE4jBMAAN+3Vg=
github.com/aws/aws-sdk-go-v2/service/internal/presigned-url v1.13.28/go.mod h1:3Aaz69M0jqfSHLKqxgolgUBFT4hpwSNc7DzC95orEi8=
github.com/aws/aws-sdk-go-v2/service/lambda v1.92.2 h1:MeFQKmFAYIoXH9+oXgaOPeM7pQ5LATWJyJykj9lsHEo=
github.com/aws/aws-sdk-go-v2/service/lambda v1.92.2/go.mod h1:Clrn/3iAEhtDG9HJn1HYp+arjui7NU6jrcx0BEd+bk0=
github.com/aws/aws-sdk-go-v2/service/servicequotas v1.35.5 h1:wRNV//9vFY+ryu7lqrayxCroQyE8JMgZKbZ50QomF0s=
github.com/aws/aws-sdk-go-v2/service/servicequotas v1.35.5/go.mod h1:JDHIfs8N5GpALj0fK40+fpjsdqlHWitVM65ksi+QZCs=
github.com/aws/aws-sdk-go-v2/service/signin v1.1.4 h1:YcpVyIPLCbiypN6KSphijN5fC7DDjX114SqA7prnnxg=
github.com/aws/aws-sdk-go-v2/service/signin v1.1.4/go.mod h1:5ZICS++oFTRPfa1GsBqFDWX/8WamZ/QQOcCzIuU/zLw=
github.com/aws/aws-sdk-go-v2/service/sso v1.31.2 h1:ySNWu7TPmj5fKFIa1GYvX+Ddxd5ccruqC20aMNuyWDM=
github.com/aws/aws-sdk-go-v2/service/sso v1.31.2/go.mod h1:A+U9luAOwFeB1kseyWCITVg7/NntoPebCFR9pQ4ch9A=
github.com/aws/aws-sdk-go-v2/service/ssooidc v1.36.5 h1:KSzGGqfk39O+WU3OEyYbx6F7sLDQCqxlOJ+2IksfK6U=
github.com/aws/aws-sdk-go-v2/service/ssooidc v1.36.5/go.mod h1:ATs88lXDeQB6CZOgQ5BIl9JbYS+EsCWUSDyff6L/oVo=
github.com/aws/aws-sdk-go-v2/service/sts v1.43.2 h1:RTO7mmGyedgnNmcPh3yQizNfc6GKoV5iqfdJavuf9vw=
github.com/aws/aws-sdk-go-v2/service/sts v1.43.2/go.mod h1:fBhUZXDin9YYqhcpOMjIcpdik25rVwWyxLdPH1RZd9s=
github.com/aws/smithy-go v1.27.1 h1:4T340VFndXtADGF52gYa1POyL7s9E4Z1OeZ1hCscIw8=
github.com/aws/smithy-go v1.27.1/go.mod h1:YE2RhdIuDbA5E5bTdciG9KrW3+TiEONeUWCqxX9i1Fc=
github.com/beorn7/perks v1.0.1 h1:VlbKKnNfV8bJzeqoa4cOKqO6bYr3WgKZxO8Z16+hsOM=
github.com/beorn7/perks v1.0.1/go.mod h1:G2ZrVWU2WbWT9wwq4/hrbKbnv/1ERSJQ0ibhJ6rlkpw=
github.com/cespare/xxhash/v2 v2.2.0 h1:DC2CZ1Ep5Y4k3ZQ899DldepgrayRUGE6BBZ/cd9Cj44=
github.com/cespare/xxhash/v2 v2.2.0/go.mod h1:VGX0DQ3Q6kWi7AoAeZDth3/j3BFtOZR5XLFGgcrjCOs=
github.com/creack/pty v1.1.9/go.mod h1:oKZEueFk5CKHvIhNR5MUki03XCEU+Q6VDXinZuGJ33E=
github.com/davecgh/go-spew v1.1.0/go.mod h1:J7Y8YcW2NihsgmVo/mv3lAwl/skON4iLHjSsI+c5H38=
github.com/davecgh/go-spew v1.1.1 h1:vj9j/u1bqnvCEfJOwUhtlOARqs3+rkHYY13jYWTU97c=
github.com/davecgh/go-spew v1.1.1/go.mod h1:J7Y8YcW2NihsgmVo/mv3lAwl/skON4iLHjSsI+c5H38=
github.com/golang/protobuf v1.2.0/go.mod h1:6lQm79b+lXiMfvg/cZm0SGofjICqVBUtrP5yJMmIC1U=
github.com/golang/protobuf v1.3.5/go.mod h1:6O5/vntMXwX2lRkT1hjjk0nAC1IDOTvTlVgjlRvqsdk=
github.com/golang/protobuf v1.5.0/go.mod h1:FsONVRAS9T7sI+LIUmWTfcYkHO4aIWwzhcaSAoJOfIk=
github.com/golang/protobuf v1.5.3 h1:KhyjKVUg7Usr/dYsdSqoFveMYd5ko72D+zANwlG1mmg=
github.com/golang/protobuf v1.5.3/go.mod h1:XVQd3VNwM+JqD3oG2Ue2ip4fOMUkwXdXDdiuN0vRsmY=
github.com/google/go-cmp v0.5.5/go.mod h1:v8dTdLbMG2kIc/vJvl+f65V22dbkXbowE6jgT/gNBxE=
github.com/google/go-cmp v0.5.9 h1:O2Tfq5qg4qc4AmwVlvv0oLiVAGB7enBSJ2x2DqQFi38=
github.com/google/go-cmp v0.5.9/go.mod h1:17dUlkBOakJ0+DkrSSNjCkIjxS6bF9zb3elmeNGIjoY=
github.com/jessevdk/go-flags v1.5.0 h1:1jKYvbxEjfUl0fmqTCOfonvskHHXMjBySTLW4y9LFvc=
github.com/jessevdk/go-flags v1.5.0/go.mod h1:Fw0T6WPc1dYxT4mKEZRfG5kJhaTDP9pj1c2EWnYs/m4=
github.com/kr/pretty v0.3.1 h1:flRD4NNwYAUpkphVc1HcthR4KEIFJ65n8Mw5qdRn3LE=
github.com/kr/pretty v0.3.1/go.mod h1:hoEshYVHaxMs3cyo3Yncou5ZscifuDolrwPKZanG3xk=
github.com/kr/text v0.2.0 h1:5Nx0Ya0ZqY2ygV366QzturHI13Jq95ApcVaJBhpS+AY=
github.com/kr/text v0.2.0/go.mod h1:eLer722TekiGuMkidMxC/pM04lWEeraHUUmBw8l2grE=
github.com/matttproud/golang_protobuf_extensions v1.0.4 h1:mmDVorXM7PCGKw94cs5zkfA9PSy5pEvNWRP0ET0TIVo=
github.com/matttproud/golang_protobuf_extensions v1.0.4/go.mod h1:BSXmuO+STAnVfrANrmjBb36TMTDstsz7MSK+HVaYKv4=
github.com/pmezard/go-difflib v1.0.0 h1:4DBwDE0NGyQoBHbLQYPwSUPoCMWR5BEzIk/f1lZbAQM=
github.com/pmezard/go-difflib v1.0.0/go.mod h1:iKH77koFhYxTK1pcRnkKkqfTogsbg7gZNVY4sRDYZ/4=
github.com/prometheus/client_golang v1.15.1 h1:8tXpTmJbyH5lydzFPoxSIJ0J46jdh3tylbvM1xCv0LI=
github.com/prometheus/client_golang v1.15.1/go.mod h1:e9yaBhRPU2pPNsZwE+JdQl0KEt1N9XgF6zxWmaC0xOk=
github.com/prometheus/client_model v0.3.0 h1:UBgGFHqYdG/TPFD1B1ogZywDqEkwp3fBMvqdiQ7Xew4=
github.com/prometheus/client_model v0.3.0/go.mod h1:LDGWKZIo7rky3hgvBe+caln+Dr3dPggB5dvjtD7w9+w=
github.com/prometheus/common v0.42.0 h1:EKsfXEYo4JpWMHH5cg+KOUWeuJSov1Id8zGR8eeI1YM=
github.com/prometheus/common v0.42.0/go.mod h1:xBwqVerjNdUDjgODMpudtOMwlOwf2SaTr1yjz4b7Zbc=
github.com/prometheus/procfs v0.9.0 h1:wzCHvIvM5SxWqYvwgVL7yJY8Lz3PKn49KQtpgMYJfhI=
github.com/prometheus/procfs v0.9.0/go.mod h1:+pB4zwohETzFnmlpe6yd2lSc+0/46IYZRB/chUwxUZY=
github.com/rogpeppe/go-internal v1.10.0 h1:TMyTOH3F/DB16zRVcYyreMH6GnZZrwQVAoYjRBZyWFQ=
github.com/rogpeppe/go-internal v1.10.0/go.mod h1:UQnix2H7Ngw/k4C5ijL5+65zddjncjaFoBhdsK/akog=
github.com/sirupsen/logrus v1.9.0 h1:trlNQbNUG3OdDrDil03MCb1H2o9nJ1x4/5LYw7byDE0=
github.com/sirupsen/logrus v1.9.0/go.mod h1:naHLuLoDiP4jHNo9R0sCBMtWGeIprob74mVsIT4qYEQ=
github.com/stretchr/objx v0.1.0/go.mod h1:HFkY916IF+rwdDfMAkV7OtwuqBVzrE8GR6GFx+wExME=
github.com/stretchr/objx v0.4.0/go.mod h1:YvHI0jy2hoMjB+UWwv71VJQ9isScKT/TqJzVSSt89Yw=
github.com/stretchr/objx v0.5.0/go.mod h1:Yh+to48EsGEfYuaHDzXPcE3xhTkx73EhmCGUpEOglKo=
github.com/stretchr/testify v1.7.0/go.mod h1:6Fq8oRcR53rry900zMqJjRRixrwX3KX962/h/Wwjteg=
github.com/stretchr/testify v1.7.1/go.mod h1:6Fq8oRcR53rry900zMqJjRRixrwX3KX962/h/Wwjteg=
github.com/stretchr/testify v1.8.0/go.mod h1:yNjHg4UonilssWZ8iaSj1OCr/vHnekPRkoO+kdMU+MU=
github.com/stretchr/testify v1.8.2 h1:+h33VjcLVPDHtOdpUCuF+7gSuG3yGIftsP1YvFihtJ8=
github.com/stretchr/testify v1.8.2/go.mod h1:w2LPCIKwWwSfY2zedu0+kehJoqGctiVI29o6fzry7u4=
golang.org/x/sync v0.0.0-20181221193216-37e7f081c4d4/go.mod h1:RxMgew5VJxzue5/jJTE5uejpjVlOe/izrB70Jof72aM=
golang.org/x/sys v0.0.0-20210320140829-1e4c9ba3b0c4/go.mod h1:h1NjWce9XRLGQEsW7wpKNCjG9DtNlClVuFLEZdDNbEs=
golang.org/x/sys v0.0.0-20220715151400-c0bba94af5f8/go.mod h1:oPkhp1MJrh7nUepCBck5+mAzfO9JrbApNNgaTdGDITg=
golang.org/x/sys v0.6.0 h1:MVltZSvRTcU2ljQOhs94SXPftV6DCNnZViHeQps87pQ=
golang.org/x/sys v0.6.0/go.mod h1:oPkhp1MJrh7nUepCBck5+mAzfO9JrbApNNgaTdGDITg=
golang.org/x/xerrors v0.0.0-20191204190536-9bdfabe68543/go.mod h1:I/5z698sn9Ka8TeJc9MKroUUfqBBauWjQqLJ2OPfmY0=
google.golang.org/protobuf v1.26.0-rc.1/go.mod h1:jlhhOSvTdKEhbULTjvd4ARK9grFBp09yW+WbY/TyQbw=
google.golang.org/protobuf v1.26.0/go.mod h1:9q0QmTI4eRPtz6boOQmLYwt+qCgq0jsYwAQnmE0givc=
google.golang.org/protobuf v1.30.0 h1:kPPoIgf3TsEvrm0PFe15JQ+570QVxYzEvvHqChK+cng=
google.golang.org/protobuf v1.30.0/go.mod h1:HV8QOd/L58Z+nl8r43ehVNZIU/HEI6OcFqwMG9pJV4I=
gopkg.in/check.v1 v0.0.0-20161208181325-20d25e280405/go.mod h1:Co6ibVJAznAaIkqp8huTwlJQCZ016jof/cbN4VW5Yz0=
gopkg.in/check.v1 v1.0.0-20201130134442-10cb98267c6c h1:Hei/4ADfdWqJk1ZMxUNpqntNwaWcugrBjAiHlqqRiVk=
gopkg.in/check.v1 v1.0.0-20201130134442-10cb98267c6c/go.mod h1:JHkPIbrfpd72SG/EVd6muEfDQjcINNoR0C8j2r3qZ4Q=
gopkg.in/yaml.v3 v3.0.0-20200313102051-9f266ea9e77c/go.mod h1:K4uyk7z7BCEPqu6E+C64Yfv1cQ7kz7rIZviUmN+EgEM=
gopkg.in/yaml.v3 v3.0.1 h1:fxVm/GzAzEWqLHuvctI91KS9hhNmmWOoWu0XTYJS7CA=
gopkg.in/yaml.v3 v3.0.1/go.mod h1:K4uyk7z7BCEPqu6E+C64Yfv1cQ7kz7rIZviUmN+EgEM=
